// !$*UTF8*$!
{
	archiveVersion = 1;
	classes = {
	};
	objectVersion = 55;
	objects = {

/* Begin PBXBuildFile section */
		89000E1B2870048600D19CED /* AppDelegate.swift in Sources */ = {isa = PBXBuildFile; fileRef = 89000E1A2870048600D19CED /* AppDelegate.swift */; };
		89000E1D2870048600D19CED /* SceneDelegate.swift in Sources */ = {isa = PBXBuildFile; fileRef = 89000E1C2870048600D19CED /* SceneDelegate.swift */; };
		89000E1F2870048600D19CED /* LoginViewController.swift in Sources */ = {isa = PBXBuildFile; fileRef = 89000E1E2870048600D19CED /* LoginViewController.swift */; };
		89000E222870048600D19CED /* Main.storyboard in Resources */ = {isa = PBXBuildFile; fileRef = 89000E202870048600D19CED /* Main.storyboard */; };
		89000E242870048600D19CED /* Assets.xcassets in Resources */ = {isa = PBXBuildFile; fileRef = 89000E232870048600D19CED /* Assets.xcassets */; };
		89000E272870048600D19CED /* LaunchScreen.storyboard in Resources */ = {isa = PBXBuildFile; fileRef = 89000E252870048600D19CED /* LaunchScreen.storyboard */; };
		89000E2F2870281500D19CED /* HomeViewController.swift in Sources */ = {isa = PBXBuildFile; fileRef = 89000E2E2870281500D19CED /* HomeViewController.swift */; };
		89000E3328702D2E00D19CED /* Tabman in Frameworks */ = {isa = PBXBuildFile; productRef = 89000E3228702D2E00D19CED /* Tabman */; };
		89000E3528703A9200D19CED /* CategoryViewController.swift in Sources */ = {isa = PBXBuildFile; fileRef = 89000E3428703A9200D19CED /* CategoryViewController.swift */; };
		89000E3728703AD300D19CED /* LocationViewController.swift in Sources */ = {isa = PBXBuildFile; fileRef = 89000E3628703AD300D19CED /* LocationViewController.swift */; };
		89000E3A2870457B00D19CED /* CategoryCollectionViewCell.swift in Sources */ = {isa = PBXBuildFile; fileRef = 89000E392870457B00D19CED /* CategoryCollectionViewCell.swift */; };
		89000E3C2870522900D19CED /* CategoryTableViewCell.swift in Sources */ = {isa = PBXBuildFile; fileRef = 89000E3B2870522900D19CED /* CategoryTableViewCell.swift */; };
		89000E3E28705B6600D19CED /* TabBarViewController.swift in Sources */ = {isa = PBXBuildFile; fileRef = 89000E3D28705B6600D19CED /* TabBarViewController.swift */; };
		8904B64329BD84B700744E2F /* InfoViewController.swift in Sources */ = {isa = PBXBuildFile; fileRef = 8904B64229BD84B700744E2F /* InfoViewController.swift */; };
		8904B64529BD85C800744E2F /* InfoHeaderView.swift in Sources */ = {isa = PBXBuildFile; fileRef = 8904B64429BD85C800744E2F /* InfoHeaderView.swift */; };
		8904B64729BD85D100744E2F /* InfoHeaderView.xib in Resources */ = {isa = PBXBuildFile; fileRef = 8904B64629BD85D100744E2F /* InfoHeaderView.xib */; };
		8904B64929BD8D0800744E2F /* InfoSeatTableViewCell.swift in Sources */ = {isa = PBXBuildFile; fileRef = 8904B64829BD8D0800744E2F /* InfoSeatTableViewCell.swift */; };
		8904B64B29BD8D5200744E2F /* InfoSeatCollectionViewCell.swift in Sources */ = {isa = PBXBuildFile; fileRef = 8904B64A29BD8D5200744E2F /* InfoSeatCollectionViewCell.swift */; };
		89566C102870D4FC00A82780 /* SeatListViewController.swift in Sources */ = {isa = PBXBuildFile; fileRef = 89566C0F2870D4FC00A82780 /* SeatListViewController.swift */; };
		89566C122870D95300A82780 /* SeatListTableViewCell.swift in Sources */ = {isa = PBXBuildFile; fileRef = 89566C112870D95300A82780 /* SeatListTableViewCell.swift */; };
		89566C142870E5EB00A82780 /* SeatDetailViewController.swift in Sources */ = {isa = PBXBuildFile; fileRef = 89566C132870E5EB00A82780 /* SeatDetailViewController.swift */; };
		89566C162870E7C600A82780 /* SeatDetailSheetViewController.swift in Sources */ = {isa = PBXBuildFile; fileRef = 89566C152870E7C600A82780 /* SeatDetailSheetViewController.swift */; };
		89566C182870EDD300A82780 /* SeatDetailTableViewCell.swift in Sources */ = {isa = PBXBuildFile; fileRef = 89566C172870EDD300A82780 /* SeatDetailTableViewCell.swift */; };
		89566C1A2870F73E00A82780 /* ReviewCollectionViewCell.swift in Sources */ = {isa = PBXBuildFile; fileRef = 89566C192870F73E00A82780 /* ReviewCollectionViewCell.swift */; };
		89566C1C287103AA00A82780 /* TicketViewController.swift in Sources */ = {isa = PBXBuildFile; fileRef = 89566C1B287103AA00A82780 /* TicketViewController.swift */; };
		895DDB6729BFFA600018B624 /* InfoTableViewHeader.swift in Sources */ = {isa = PBXBuildFile; fileRef = 895DDB6629BFFA600018B624 /* InfoTableViewHeader.swift */; };
		895DDB6929BFFA690018B624 /* InfoTableViewHeader.xib in Resources */ = {isa = PBXBuildFile; fileRef = 895DDB6829BFFA690018B624 /* InfoTableViewHeader.xib */; };
		896BF64028709516002A8FF0 /* UserInformation.swift in Sources */ = {isa = PBXBuildFile; fileRef = 896BF63F28709516002A8FF0 /* UserInformation.swift */; };
		896BF64228709636002A8FF0 /* DetailViewController.swift in Sources */ = {isa = PBXBuildFile; fileRef = 896BF64128709636002A8FF0 /* DetailViewController.swift */; };
		898DD13828710BDF003431F2 /* TicketTableViewCell.swift in Sources */ = {isa = PBXBuildFile; fileRef = 898DD13728710BDF003431F2 /* TicketTableViewCell.swift */; };
		898DD13D28711509003431F2 /* ChatViewController.swift in Sources */ = {isa = PBXBuildFile; fileRef = 898DD13C28711509003431F2 /* ChatViewController.swift */; };
		89AB9F8A29BF03A500237FF3 /* InfoLinkTableViewCell.swift in Sources */ = {isa = PBXBuildFile; fileRef = 89AB9F8929BF03A500237FF3 /* InfoLinkTableViewCell.swift */; };
/* End PBXBuildFile section */

/* Begin PBXFileReference section */
		89000E172870048600D19CED /* SeeYa.app */ = {isa = PBXFileReference; explicitFileType = wrapper.application; includeInIndex = 0; path = SeeYa.app; sourceTree = BUILT_PRODUCTS_DIR; };
		89000E1A2870048600D19CED /* AppDelegate.swift */ = {isa = PBXFileReference; lastKnownFileType = sourcecode.swift; path = AppDelegate.swift; sourceTree = "<group>"; };
		89000E1C2870048600D19CED /* SceneDelegate.swift */ = {isa = PBXFileReference; lastKnownFileType = sourcecode.swift; path = SceneDelegate.swift; sourceTree = "<group>"; };
		89000E1E2870048600D19CED /* LoginViewController.swift */ = {isa = PBXFileReference; lastKnownFileType = sourcecode.swift; path = LoginViewController.swift; sourceTree = "<group>"; };
		89000E212870048600D19CED /* Base */ = {isa = PBXFileReference; lastKnownFileType = file.storyboard; name = Base; path = Base.lproj/Main.storyboard; sourceTree = "<group>"; };
		89000E232870048600D19CED /* Assets.xcassets */ = {isa = PBXFileReference; lastKnownFileType = folder.assetcatalog; path = Assets.xcassets; sourceTree = "<group>"; };
		89000E262870048600D19CED /* Base */ = {isa = PBXFileReference; lastKnownFileType = file.storyboard; name = Base; path = Base.lproj/LaunchScreen.storyboard; sourceTree = "<group>"; };
		89000E282870048600D19CED /* Info.plist */ = {isa = PBXFileReference; lastKnownFileType = text.plist.xml; path = Info.plist; sourceTree = "<group>"; };
		89000E2E2870281500D19CED /* HomeViewController.swift */ = {isa = PBXFileReference; lastKnownFileType = sourcecode.swift; path = HomeViewController.swift; sourceTree = "<group>"; };
		89000E3428703A9200D19CED /* CategoryViewController.swift */ = {isa = PBXFileReference; lastKnownFileType = sourcecode.swift; path = CategoryViewController.swift; sourceTree = "<group>"; };
		89000E3628703AD300D19CED /* LocationViewController.swift */ = {isa = PBXFileReference; lastKnownFileType = sourcecode.swift; path = LocationViewController.swift; sourceTree = "<group>"; };
		89000E392870457B00D19CED /* CategoryCollectionViewCell.swift */ = {isa = PBXFileReference; lastKnownFileType = sourcecode.swift; path = CategoryCollectionViewCell.swift; sourceTree = "<group>"; };
		89000E3B2870522900D19CED /* CategoryTableViewCell.swift */ = {isa = PBXFileReference; lastKnownFileType = sourcecode.swift; path = CategoryTableViewCell.swift; sourceTree = "<group>"; };
		89000E3D28705B6600D19CED /* TabBarViewController.swift */ = {isa = PBXFileReference; lastKnownFileType = sourcecode.swift; path = TabBarViewController.swift; sourceTree = "<group>"; };
		8904B64229BD84B700744E2F /* InfoViewController.swift */ = {isa = PBXFileReference; lastKnownFileType = sourcecode.swift; path = InfoViewController.swift; sourceTree = "<group>"; };
		8904B64429BD85C800744E2F /* InfoHeaderView.swift */ = {isa = PBXFileReference; lastKnownFileType = sourcecode.swift; path = InfoHeaderView.swift; sourceTree = "<group>"; };
		8904B64629BD85D100744E2F /* InfoHeaderView.xib */ = {isa = PBXFileReference; lastKnownFileType = file.xib; path = InfoHeaderView.xib; sourceTree = "<group>"; };
		8904B64829BD8D0800744E2F /* InfoSeatTableViewCell.swift */ = {isa = PBXFileReference; lastKnownFileType = sourcecode.swift; path = InfoSeatTableViewCell.swift; sourceTree = "<group>"; };
		8904B64A29BD8D5200744E2F /* InfoSeatCollectionViewCell.swift */ = {isa = PBXFileReference; lastKnownFileType = sourcecode.swift; path = InfoSeatCollectionViewCell.swift; sourceTree = "<group>"; };
		89566C0F2870D4FC00A82780 /* SeatListViewController.swift */ = {isa = PBXFileReference; lastKnownFileType = sourcecode.swift; path = SeatListViewController.swift; sourceTree = "<group>"; };
		89566C112870D95300A82780 /* SeatListTableViewCell.swift */ = {isa = PBXFileReference; lastKnownFileType = sourcecode.swift; path = SeatListTableViewCell.swift; sourceTree = "<group>"; };
		89566C132870E5EB00A82780 /* SeatDetailViewController.swift */ = {isa = PBXFileReference; lastKnownFileType = sourcecode.swift; path = SeatDetailViewController.swift; sourceTree = "<group>"; };
		89566C152870E7C600A82780 /* SeatDetailSheetViewController.swift */ = {isa = PBXFileReference; lastKnownFileType = sourcecode.swift; path = SeatDetailSheetViewController.swift; sourceTree = "<group>"; };
		89566C172870EDD300A82780 /* SeatDetailTableViewCell.swift */ = {isa = PBXFileReference; lastKnownFileType = sourcecode.swift; path = SeatDetailTableViewCell.swift; sourceTree = "<group>"; };
		89566C192870F73E00A82780 /* ReviewCollectionViewCell.swift */ = {isa = PBXFileReference; lastKnownFileType = sourcecode.swift; path = ReviewCollectionViewCell.swift; sourceTree = "<group>"; };
		89566C1B287103AA00A82780 /* TicketViewController.swift */ = {isa = PBXFileReference; lastKnownFileType = sourcecode.swift; path = TicketViewController.swift; sourceTree = "<group>"; };
		895DDB6629BFFA600018B624 /* InfoTableViewHeader.swift */ = {isa = PBXFileReference; lastKnownFileType = sourcecode.swift; path = InfoTableViewHeader.swift; sourceTree = "<group>"; };
		895DDB6829BFFA690018B624 /* InfoTableViewHeader.xib */ = {isa = PBXFileReference; lastKnownFileType = file.xib; path = InfoTableViewHeader.xib; sourceTree = "<group>"; };
		896BF63F28709516002A8FF0 /* UserInformation.swift */ = {isa = PBXFileReference; lastKnownFileType = sourcecode.swift; path = UserInformation.swift; sourceTree = "<group>"; };
		896BF64128709636002A8FF0 /* DetailViewController.swift */ = {isa = PBXFileReference; lastKnownFileType = sourcecode.swift; path = DetailViewController.swift; sourceTree = "<group>"; };
		898DD13728710BDF003431F2 /* TicketTableViewCell.swift */ = {isa = PBXFileReference; lastKnownFileType = sourcecode.swift; path = TicketTableViewCell.swift; sourceTree = "<group>"; };
		898DD13C28711509003431F2 /* ChatViewController.swift */ = {isa = PBXFileReference; lastKnownFileType = sourcecode.swift; path = ChatViewController.swift; sourceTree = "<group>"; };
		89AB9F8929BF03A500237FF3 /* InfoLinkTableViewCell.swift */ = {isa = PBXFileReference; lastKnownFileType = sourcecode.swift; path = InfoLinkTableViewCell.swift; sourceTree = "<group>"; };
/* End PBXFileReference section */

/* Begin PBXFrameworksBuildPhase section */
		89000E142870048600D19CED /* Frameworks */ = {
			isa = PBXFrameworksBuildPhase;
			buildActionMask = 2147483647;
			files = (
				89000E3328702D2E00D19CED /* Tabman in Frameworks */,
			);
			runOnlyForDeploymentPostprocessing = 0;
		};
/* End PBXFrameworksBuildPhase section */

/* Begin PBXGroup section */
		89000E0E2870048600D19CED = {
			isa = PBXGroup;
			children = (
				89000E192870048600D19CED /* SeeYa */,
				89000E182870048600D19CED /* Products */,
			);
			sourceTree = "<group>";
		};
		89000E182870048600D19CED /* Products */ = {
			isa = PBXGroup;
			children = (
				89000E172870048600D19CED /* SeeYa.app */,
			);
			name = Products;
			sourceTree = "<group>";
		};
		89000E192870048600D19CED /* SeeYa */ = {
			isa = PBXGroup;
			children = (
				89000E382870456500D19CED /* Category */,
				8904B64129BD84A800744E2F /* Info */,
				89566C0E2870D4EB00A82780 /* Detail */,
				89566C1D28710A8D00A82780 /* Ticket */,
				89000E3D28705B6600D19CED /* TabBarViewController.swift */,
				898DD13C28711509003431F2 /* ChatViewController.swift */,
				89000E1E2870048600D19CED /* LoginViewController.swift */,
				89000E2E2870281500D19CED /* HomeViewController.swift */,
				89000E3628703AD300D19CED /* LocationViewController.swift */,
				896BF63F28709516002A8FF0 /* UserInformation.swift */,
				89000E1A2870048600D19CED /* AppDelegate.swift */,
				89000E1C2870048600D19CED /* SceneDelegate.swift */,
				89000E202870048600D19CED /* Main.storyboard */,
				89000E232870048600D19CED /* Assets.xcassets */,
				89000E252870048600D19CED /* LaunchScreen.storyboard */,
				89000E282870048600D19CED /* Info.plist */,
			);
			name = SeeYa;
			path = ViewFinder;
			sourceTree = "<group>";
		};
		89000E382870456500D19CED /* Category */ = {
			isa = PBXGroup;
			children = (
				89000E3428703A9200D19CED /* CategoryViewController.swift */,
				89000E392870457B00D19CED /* CategoryCollectionViewCell.swift */,
				89000E3B2870522900D19CED /* CategoryTableViewCell.swift */,
			);
			path = Category;
			sourceTree = "<group>";
		};
		8904B64129BD84A800744E2F /* Info */ = {
			isa = PBXGroup;
			children = (
				8904B64229BD84B700744E2F /* InfoViewController.swift */,
				8904B64429BD85C800744E2F /* InfoHeaderView.swift */,
				8904B64629BD85D100744E2F /* InfoHeaderView.xib */,
				8904B64829BD8D0800744E2F /* InfoSeatTableViewCell.swift */,
				8904B64A29BD8D5200744E2F /* InfoSeatCollectionViewCell.swift */,
				89AB9F8929BF03A500237FF3 /* InfoLinkTableViewCell.swift */,
				895DDB6629BFFA600018B624 /* InfoTableViewHeader.swift */,
				895DDB6829BFFA690018B624 /* InfoTableViewHeader.xib */,
			);
			path = Info;
			sourceTree = "<group>";
		};
		89566C0E2870D4EB00A82780 /* Detail */ = {
			isa = PBXGroup;
			children = (
				896BF64128709636002A8FF0 /* DetailViewController.swift */,
				89566C0F2870D4FC00A82780 /* SeatListViewController.swift */,
				89566C112870D95300A82780 /* SeatListTableViewCell.swift */,
				89566C132870E5EB00A82780 /* SeatDetailViewController.swift */,
				89566C152870E7C600A82780 /* SeatDetailSheetViewController.swift */,
				89566C172870EDD300A82780 /* SeatDetailTableViewCell.swift */,
				89566C192870F73E00A82780 /* ReviewCollectionViewCell.swift */,
			);
			path = Detail;
			sourceTree = "<group>";
		};
		89566C1D28710A8D00A82780 /* Ticket */ = {
			isa = PBXGroup;
			children = (
				89566C1B287103AA00A82780 /* TicketViewController.swift */,
				898DD13728710BDF003431F2 /* TicketTableViewCell.swift */,
			);
			path = Ticket;
			sourceTree = "<group>";
		};
/* End PBXGroup section */

/* Begin PBXNativeTarget section */
		89000E162870048600D19CED /* SeeYa */ = {
			isa = PBXNativeTarget;
			buildConfigurationList = 89000E2B2870048600D19CED /* Build configuration list for PBXNativeTarget "SeeYa" */;
			buildPhases = (
				89000E132870048600D19CED /* Sources */,
				89000E142870048600D19CED /* Frameworks */,
				89000E152870048600D19CED /* Resources */,
			);
			buildRules = (
			);
			dependencies = (
			);
			name = SeeYa;
			packageProductDependencies = (
				89000E3228702D2E00D19CED /* Tabman */,
			);
			productName = SeeYa;
			productReference = 89000E172870048600D19CED /* SeeYa.app */;
			productType = "com.apple.product-type.application";
		};
/* End PBXNativeTarget section */

/* Begin PBXProject section */
		89000E0F2870048600D19CED /* Project object */ = {
			isa = PBXProject;
			attributes = {
				BuildIndependentTargetsInParallel = 1;
				LastSwiftUpdateCheck = 1330;
				LastUpgradeCheck = 1330;
				TargetAttributes = {
					89000E162870048600D19CED = {
						CreatedOnToolsVersion = 13.3.1;
					};
				};
			};
			buildConfigurationList = 89000E122870048600D19CED /* Build configuration list for PBXProject "ViewFinder" */;
			compatibilityVersion = "Xcode 13.0";
			developmentRegion = en;
			hasScannedForEncodings = 0;
			knownRegions = (
				en,
				Base,
			);
			mainGroup = 89000E0E2870048600D19CED;
			packageReferences = (
				89000E3128702D2E00D19CED /* XCRemoteSwiftPackageReference "Tabman" */,
			);
			productRefGroup = 89000E182870048600D19CED /* Products */;
			projectDirPath = "";
			projectRoot = "";
			targets = (
				89000E162870048600D19CED /* SeeYa */,
			);
		};
/* End PBXProject section */

/* Begin PBXResourcesBuildPhase section */
		89000E152870048600D19CED /* Resources */ = {
			isa = PBXResourcesBuildPhase;
			buildActionMask = 2147483647;
			files = (
				89000E272870048600D19CED /* LaunchScreen.storyboard in Resources */,
				89000E242870048600D19CED /* Assets.xcassets in Resources */,
				89000E222870048600D19CED /* Main.storyboard in Resources */,
				895DDB6929BFFA690018B624 /* InfoTableViewHeader.xib in Resources */,
				8904B64729BD85D100744E2F /* InfoHeaderView.xib in Resources */,
			);
			runOnlyForDeploymentPostprocessing = 0;
		};
/* End PBXResourcesBuildPhase section */

/* Begin PBXSourcesBuildPhase section */
		89000E132870048600D19CED /* Sources */ = {
			isa = PBXSourcesBuildPhase;
			buildActionMask = 2147483647;
			files = (
				898DD13828710BDF003431F2 /* TicketTableViewCell.swift in Sources */,
				89566C142870E5EB00A82780 /* SeatDetailViewController.swift in Sources */,
				89566C162870E7C600A82780 /* SeatDetailSheetViewController.swift in Sources */,
				896BF64228709636002A8FF0 /* DetailViewController.swift in Sources */,
				89566C122870D95300A82780 /* SeatListTableViewCell.swift in Sources */,
				89000E3528703A9200D19CED /* CategoryViewController.swift in Sources */,
				895DDB6729BFFA600018B624 /* InfoTableViewHeader.swift in Sources */,
				8904B64B29BD8D5200744E2F /* InfoSeatCollectionViewCell.swift in Sources */,
				8904B64929BD8D0800744E2F /* InfoSeatTableViewCell.swift in Sources */,
				89000E1F2870048600D19CED /* LoginViewController.swift in Sources */,
				89566C102870D4FC00A82780 /* SeatListViewController.swift in Sources */,
				89000E1B2870048600D19CED /* AppDelegate.swift in Sources */,
				89566C1C287103AA00A82780 /* TicketViewController.swift in Sources */,
				8904B64329BD84B700744E2F /* InfoViewController.swift in Sources */,
				89566C1A2870F73E00A82780 /* ReviewCollectionViewCell.swift in Sources */,
				89000E3728703AD300D19CED /* LocationViewController.swift in Sources */,
				89AB9F8A29BF03A500237FF3 /* InfoLinkTableViewCell.swift in Sources */,
				89000E3E28705B6600D19CED /* TabBarViewController.swift in Sources */,
				896BF64028709516002A8FF0 /* UserInformation.swift in Sources */,
				89566C182870EDD300A82780 /* SeatDetailTableViewCell.swift in Sources */,
				89000E1D2870048600D19CED /* SceneDelegate.swift in Sources */,
				89000E3A2870457B00D19CED /* CategoryCollectionViewCell.swift in Sources */,
				89000E2F2870281500D19CED /* HomeViewController.swift in Sources */,
				8904B64529BD85C800744E2F /* InfoHeaderView.swift in Sources */,
				898DD13D28711509003431F2 /* ChatViewController.swift in Sources */,
				89000E3C2870522900D19CED /* CategoryTableViewCell.swift in Sources */,
			);
			runOnlyForDeploymentPostprocessing = 0;
		};
/* End PBXSourcesBuildPhase section */

/* Begin PBXVariantGroup section */
		89000E202870048600D19CED /* Main.storyboard */ = {
			isa = PBXVariantGroup;
			children = (
				89000E212870048600D19CED /* Base */,
			);
			name = Main.storyboard;
			sourceTree = "<group>";
		};
		89000E252870048600D19CED /* LaunchScreen.storyboard */ = {
			isa = PBXVariantGroup;
			children = (
				89000E262870048600D19CED /* Base */,
			);
			name = LaunchScreen.storyboard;
			sourceTree = "<group>";
		};
/* End PBXVariantGroup section */

/* Begin XCBuildConfiguration section */
		89000E292870048600D19CED /* Debug */ = {
			isa = XCBuildConfiguration;
			buildSettings = {
				ALWAYS_SEARCH_USER_PATHS = NO;
				CLANG_ANALYZER_NONNULL = YES;
				CLANG_ANALYZER_NUMBER_OBJECT_CONVERSION = YES_AGGRESSIVE;
				CLANG_CXX_LANGUAGE_STANDARD = "gnu++17";
				CLANG_ENABLE_MODULES = YES;
				CLANG_ENABLE_OBJC_ARC = YES;
				CLANG_ENABLE_OBJC_WEAK = YES;
				CLANG_WARN_BLOCK_CAPTURE_AUTORELEASING = YES;
				CLANG_WARN_BOOL_CONVERSION = YES;
				CLANG_WARN_COMMA = YES;
				CLANG_WARN_CONSTANT_CONVERSION = YES;
				CLANG_WARN_DEPRECATED_OBJC_IMPLEMENTATIONS = YES;
				CLANG_WARN_DIRECT_OBJC_ISA_USAGE = YES_ERROR;
				CLANG_WARN_DOCUMENTATION_COMMENTS = YES;
				CLANG_WARN_EMPTY_BODY = YES;
				CLANG_WARN_ENUM_CONVERSION = YES;
				CLANG_WARN_INFINITE_RECURSION = YES;
				CLANG_WARN_INT_CONVERSION = YES;
				CLANG_WARN_NON_LITERAL_NULL_CONVERSION = YES;
				CLANG_WARN_OBJC_IMPLICIT_RETAIN_SELF = YES;
				CLANG_WARN_OBJC_LITERAL_CONVERSION = YES;
				CLANG_WARN_OBJC_ROOT_CLASS = YES_ERROR;
				CLANG_WARN_QUOTED_INCLUDE_IN_FRAMEWORK_HEADER = YES;
				CLANG_WARN_RANGE_LOOP_ANALYSIS = YES;
				CLANG_WARN_STRICT_PROTOTYPES = YES;
				CLANG_WARN_SUSPICIOUS_MOVE = YES;
				CLANG_WARN_UNGUARDED_AVAILABILITY = YES_AGGRESSIVE;
				CLANG_WARN_UNREACHABLE_CODE = YES;
				CLANG_WARN__DUPLICATE_METHOD_MATCH = YES;
				COPY_PHASE_STRIP = NO;
				DEBUG_INFORMATION_FORMAT = dwarf;
				ENABLE_STRICT_OBJC_MSGSEND = YES;
				ENABLE_TESTABILITY = YES;
				GCC_C_LANGUAGE_STANDARD = gnu11;
				GCC_DYNAMIC_NO_PIC = NO;
				GCC_NO_COMMON_BLOCKS = YES;
				GCC_OPTIMIZATION_LEVEL = 0;
				GCC_PREPROCESSOR_DEFINITIONS = (
					"DEBUG=1",
					"$(inherited)",
				);
				GCC_WARN_64_TO_32_BIT_CONVERSION = YES;
				GCC_WARN_ABOUT_RETURN_TYPE = YES_ERROR;
				GCC_WARN_UNDECLARED_SELECTOR = YES;
				GCC_WARN_UNINITIALIZED_AUTOS = YES_AGGRESSIVE;
				GCC_WARN_UNUSED_FUNCTION = YES;
				GCC_WARN_UNUSED_VARIABLE = YES;
				IPHONEOS_DEPLOYMENT_TARGET = 15.4;
				MTL_ENABLE_DEBUG_INFO = INCLUDE_SOURCE;
				MTL_FAST_MATH = YES;
				ONLY_ACTIVE_ARCH = YES;
				SDKROOT = iphoneos;
				SWIFT_ACTIVE_COMPILATION_CONDITIONS = DEBUG;
				SWIFT_OPTIMIZATION_LEVEL = "-Onone";
			};
			name = Debug;
		};
		89000E2A2870048600D19CED /* Release */ = {
			isa = XCBuildConfiguration;
			buildSettings = {
				ALWAYS_SEARCH_USER_PATHS = NO;
				CLANG_ANALYZER_NONNULL = YES;
				CLANG_ANALYZER_NUMBER_OBJECT_CONVERSION = YES_AGGRESSIVE;
				CLANG_CXX_LANGUAGE_STANDARD = "gnu++17";
				CLANG_ENABLE_MODULES = YES;
				CLANG_ENABLE_OBJC_ARC = YES;
				CLANG_ENABLE_OBJC_WEAK = YES;
				CLANG_WARN_BLOCK_CAPTURE_AUTORELEASING = YES;
				CLANG_WARN_BOOL_CONVERSION = YES;
				CLANG_WARN_COMMA = YES;
				CLANG_WARN_CONSTANT_CONVERSION = YES;
				CLANG_WARN_DEPRECATED_OBJC_IMPLEMENTATIONS = YES;
				CLANG_WARN_DIRECT_OBJC_ISA_USAGE = YES_ERROR;
				CLANG_WARN_DOCUMENTATION_COMMENTS = YES;
				CLANG_WARN_EMPTY_BODY = YES;
				CLANG_WARN_ENUM_CONVERSION = YES;
				CLANG_WARN_INFINITE_RECURSION = YES;
				CLANG_WARN_INT_CONVERSION = YES;
				CLANG_WARN_NON_LITERAL_NULL_CONVERSION = YES;
				CLANG_WARN_OBJC_IMPLICIT_RETAIN_SELF = YES;
				CLANG_WARN_OBJC_LITERAL_CONVERSION = YES;
				CLANG_WARN_OBJC_ROOT_CLASS = YES_ERROR;
				CLANG_WARN_QUOTED_INCLUDE_IN_FRAMEWORK_HEADER = YES;
				CLANG_WARN_RANGE_LOOP_ANALYSIS = YES;
				CLANG_WARN_STRICT_PROTOTYPES = YES;
				CLANG_WARN_SUSPICIOUS_MOVE = YES;
				CLANG_WARN_UNGUARDED_AVAILABILITY = YES_AGGRESSIVE;
				CLANG_WARN_UNREACHABLE_CODE = YES;
				CLANG_WARN__DUPLICATE_METHOD_MATCH = YES;
				COPY_PHASE_STRIP = NO;
				DEBUG_INFORMATION_FORMAT = "dwarf-with-dsym";
				ENABLE_NS_ASSERTIONS = NO;
				ENABLE_STRICT_OBJC_MSGSEND = YES;
				GCC_C_LANGUAGE_STANDARD = gnu11;
				GCC_NO_COMMON_BLOCKS = YES;
				GCC_WARN_64_TO_32_BIT_CONVERSION = YES;
				GCC_WARN_ABOUT_RETURN_TYPE = YES_ERROR;
				GCC_WARN_UNDECLARED_SELECTOR = YES;
				GCC_WARN_UNINITIALIZED_AUTOS = YES_AGGRESSIVE;
				GCC_WARN_UNUSED_FUNCTION = YES;
				GCC_WARN_UNUSED_VARIABLE = YES;
				IPHONEOS_DEPLOYMENT_TARGET = 15.4;
				MTL_ENABLE_DEBUG_INFO = NO;
				MTL_FAST_MATH = YES;
				SDKROOT = iphoneos;
				SWIFT_COMPILATION_MODE = wholemodule;
				SWIFT_OPTIMIZATION_LEVEL = "-O";
				VALIDATE_PRODUCT = YES;
			};
			name = Release;
		};
		89000E2C2870048600D19CED /* Debug */ = {
			isa = XCBuildConfiguration;
			buildSettings = {
				ASSETCATALOG_COMPILER_APPICON_NAME = AppIcon;
				ASSETCATALOG_COMPILER_GLOBAL_ACCENT_COLOR_NAME = AccentColor;
				CODE_SIGN_STYLE = Automatic;
				CURRENT_PROJECT_VERSION = 1;
				DEVELOPMENT_TEAM = 3FP9A2A7KZ;
				GENERATE_INFOPLIST_FILE = YES;
				INFOPLIST_FILE = ViewFinder/Info.plist;
				INFOPLIST_KEY_CFBundleDisplayName = ViewFinder;
				INFOPLIST_KEY_UIApplicationSupportsIndirectInputEvents = YES;
				INFOPLIST_KEY_UILaunchStoryboardName = LaunchScreen;
				INFOPLIST_KEY_UIMainStoryboardFile = Main;
				INFOPLIST_KEY_UISupportedInterfaceOrientations_iPad = "UIInterfaceOrientationPortrait UIInterfaceOrientationPortraitUpsideDown UIInterfaceOrientationLandscapeLeft UIInterfaceOrientationLandscapeRight";
				INFOPLIST_KEY_UISupportedInterfaceOrientations_iPhone = "UIInterfaceOrientationPortrait UIInterfaceOrientationLandscapeLeft UIInterfaceOrientationLandscapeRight";
				LD_RUNPATH_SEARCH_PATHS = (
					"$(inherited)",
					"@executable_path/Frameworks",
				);
				MARKETING_VERSION = 1.0;
				PRODUCT_BUNDLE_IDENTIFIER = "seoyoung-lee.ViewFinder";
				PRODUCT_NAME = "$(TARGET_NAME)";
				SWIFT_EMIT_LOC_STRINGS = YES;
				SWIFT_VERSION = 5.0;
				TARGETED_DEVICE_FAMILY = "1,2";
			};
			name = Debug;
		};
		89000E2D2870048600D19CED /* Release */ = {
			isa = XCBuildConfiguration;
			buildSettings = {
				ASSETCATALOG_COMPILER_APPICON_NAME = AppIcon;
				ASSETCATALOG_COMPILER_GLOBAL_ACCENT_COLOR_NAME = AccentColor;
				CODE_SIGN_STYLE = Automatic;
				CURRENT_PROJECT_VERSION = 1;
				DEVELOPMENT_TEAM = 3FP9A2A7KZ;
				GENERATE_INFOPLIST_FILE = YES;
				INFOPLIST_FILE = ViewFinder/Info.plist;
				INFOPLIST_KEY_CFBundleDisplayName = ViewFinder;
				INFOPLIST_KEY_UIApplicationSupportsIndirectInputEvents = YES;
				INFOPLIST_KEY_UILaunchStoryboardName = LaunchScreen;
				INFOPLIST_KEY_UIMainStoryboardFile = Main;
				INFOPLIST_KEY_UISupportedInterfaceOrientations_iPad = "UIInterfaceOrientationPortrait UIInterfaceOrientationPortraitUpsideDown UIInterfaceOrientationLandscapeLeft UIInterfaceOrientationLandscapeRight";
				INFOPLIST_KEY_UISupportedInterfaceOrientations_iPhone = "UIInterfaceOrientationPortrait UIInterfaceOrientationLandscapeLeft UIInterfaceOrientationLandscapeRight";
				LD_RUNPATH_SEARCH_PATHS = (
					"$(inherited)",
					"@executable_path/Frameworks",
				);
				MARKETING_VERSION = 1.0;
				PRODUCT_BUNDLE_IDENTIFIER = "seoyoung-lee.ViewFinder";
				PRODUCT_NAME = "$(TARGET_NAME)";
				SWIFT_EMIT_LOC_STRINGS = YES;
				SWIFT_VERSION = 5.0;
				TARGETED_DEVICE_FAMILY = "1,2";
			};
			name = Release;
		};
/* End XCBuildConfiguration section */

/* Begin XCConfigurationList section */
		89000E122870048600D19CED /* Build configuration list for PBXProject "ViewFinder" */ = {
			isa = XCConfigurationList;
			buildConfigurations = (
				89000E292870048600D19CED /* Debug */,
				89000E2A2870048600D19CED /* Release */,
			);
			defaultConfigurationIsVisible = 0;
			defaultConfigurationName = Release;
		};
		89000E2B2870048600D19CED /* Build configuration list for PBXNativeTarget "SeeYa" */ = {
			isa = XCConfigurationList;
			buildConfigurations = (
				89000E2C2870048600D19CED /* Debug */,
				89000E2D2870048600D19CED /* Release */,
			);
			defaultConfigurationIsVisible = 0;
			defaultConfigurationName = Release;
		};
/* End XCConfigurationList section */

/* Begin XCRemoteSwiftPackageReference section */
		89000E3128702D2E00D19CED /* XCRemoteSwiftPackageReference "Tabman" */ = {
			isa = XCRemoteSwiftPackageReference;
			repositoryURL = "https://github.com/uias/Tabman";
			requirement = {
				kind = upToNextMajorVersion;
				minimumVersion = 2.0.0;
			};
		};
/* End XCRemoteSwiftPackageReference section */

/* Begin XCSwiftPackageProductDependency section */
		89000E3228702D2E00D19CED /* Tabman */ = {
			isa = XCSwiftPackageProductDependency;
			package = 89000E3128702D2E00D19CED /* XCRemoteSwiftPackageReference "Tabman" */;
			productName = Tabman;
		};
/* End XCSwiftPackageProductDependency section */
	};
	rootObject = 89000E0F2870048600D19CED /* Project object */;
}
